// !$*UTF8*$!
{
	archiveVersion = 1;
	classes = {
	};
	objectVersion = 55;
	objects = {

/* Begin PBXBuildFile section */
		44602EC42BBFD9B300AC3B95 /* MainTabView.swift in Sources */ = {isa = PBXBuildFile; fileRef = 44602EC32BBFD9B300AC3B95 /* MainTabView.swift */; };
		44602EC82BBFDC6700AC3B95 /* HomeView.swift in Sources */ = {isa = PBXBuildFile; fileRef = 44602EC72BBFDC6700AC3B95 /* HomeView.swift */; };
		44602ECC2BBFDC9000AC3B95 /* ExploreView.swift in Sources */ = {isa = PBXBuildFile; fileRef = 44602ECB2BBFDC9000AC3B95 /* ExploreView.swift */; };
		44602ED02BBFDCD800AC3B95 /* NotificationView.swift in Sources */ = {isa = PBXBuildFile; fileRef = 44602ECF2BBFDCD800AC3B95 /* NotificationView.swift */; };
		44602ED42BBFDD0D00AC3B95 /* MessageView.swift in Sources */ = {isa = PBXBuildFile; fileRef = 44602ED32BBFDD0D00AC3B95 /* MessageView.swift */; };
		44602ED82BBFE73C00AC3B95 /* SideMenuView.swift in Sources */ = {isa = PBXBuildFile; fileRef = 44602ED72BBFE73C00AC3B95 /* SideMenuView.swift */; };
		44602EDA2BBFEFA400AC3B95 /* SideMenuRowView.swift in Sources */ = {isa = PBXBuildFile; fileRef = 44602ED92BBFEFA400AC3B95 /* SideMenuRowView.swift */; };
		448158B62BBEF1BF00412C44 /* LoginView.swift in Sources */ = {isa = PBXBuildFile; fileRef = 448158B52BBEF1BF00412C44 /* LoginView.swift */; };
		448158B82BBEF33300412C44 /* CustomTextFieldView.swift in Sources */ = {isa = PBXBuildFile; fileRef = 448158B72BBEF33300412C44 /* CustomTextFieldView.swift */; };
		448158BA2BBF02B100412C44 /* SignUpView.swift in Sources */ = {isa = PBXBuildFile; fileRef = 448158B92BBF02B100412C44 /* SignUpView.swift */; };
		4481F6272BB27EAA0057EC6B /* Social_NetworkApp.swift in Sources */ = {isa = PBXBuildFile; fileRef = 4481F6262BB27EAA0057EC6B /* Social_NetworkApp.swift */; };
		4481F6292BB27EAA0057EC6B /* ContentView.swift in Sources */ = {isa = PBXBuildFile; fileRef = 4481F6282BB27EAA0057EC6B /* ContentView.swift */; };
		4481F62B2BB27EB20057EC6B /* Assets.xcassets in Resources */ = {isa = PBXBuildFile; fileRef = 4481F62A2BB27EB20057EC6B /* Assets.xcassets */; };
		4481F62E2BB27EB20057EC6B /* Preview Assets.xcassets in Resources */ = {isa = PBXBuildFile; fileRef = 4481F62D2BB27EB20057EC6B /* Preview Assets.xcassets */; };
		449036622BC4EC12006FF21F /* NotificationRowView.swift in Sources */ = {isa = PBXBuildFile; fileRef = 449036612BC4EC12006FF21F /* NotificationRowView.swift */; };
		449036662BC4F31F006FF21F /* NewTweetView.swift in Sources */ = {isa = PBXBuildFile; fileRef = 449036652BC4F31F006FF21F /* NewTweetView.swift */; };
		44905CC62BC52AE900FE2F81 /* SearchBarView.swift in Sources */ = {isa = PBXBuildFile; fileRef = 44905CC52BC52AE900FE2F81 /* SearchBarView.swift */; };
		44905CCA2BC52F5B00FE2F81 /* NewMessageView.swift in Sources */ = {isa = PBXBuildFile; fileRef = 44905CC92BC52F5B00FE2F81 /* NewMessageView.swift */; };
		44905CCE2BC538D600FE2F81 /* ProfileView.swift in Sources */ = {isa = PBXBuildFile; fileRef = 44905CCD2BC538D600FE2F81 /* ProfileView.swift */; };
		44905CD22BC54F3800FE2F81 /* EditProfileView.swift in Sources */ = {isa = PBXBuildFile; fileRef = 44905CD12BC54F3800FE2F81 /* EditProfileView.swift */; };
		44A7DA9D2BC57A7B001C692C /* EditProfileRowView.swift in Sources */ = {isa = PBXBuildFile; fileRef = 44A7DA9C2BC57A7B001C692C /* EditProfileRowView.swift */; };
		44A7DA9F2BC58B7A001C692C /* MessageRowView.swift in Sources */ = {isa = PBXBuildFile; fileRef = 44A7DA9E2BC58B7A001C692C /* MessageRowView.swift */; };
		44B337072BC3877600D5A44D /* TweetRowView.swift in Sources */ = {isa = PBXBuildFile; fileRef = 44B337062BC3877600D5A44D /* TweetRowView.swift */; };
/* End PBXBuildFile section */

/* Begin PBXFileReference section */
		44602EC32BBFD9B300AC3B95 /* MainTabView.swift */ = {isa = PBXFileReference; lastKnownFileType = sourcecode.swift; path = MainTabView.swift; sourceTree = "<group>"; };
		44602EC72BBFDC6700AC3B95 /* HomeView.swift */ = {isa = PBXFileReference; lastKnownFileType = sourcecode.swift; path = HomeView.swift; sourceTree = "<group>"; };
		44602ECB2BBFDC9000AC3B95 /* ExploreView.swift */ = {isa = PBXFileReference; lastKnownFileType = sourcecode.swift; path = ExploreView.swift; sourceTree = "<group>"; };
		44602ECF2BBFDCD800AC3B95 /* NotificationView.swift */ = {isa = PBXFileReference; lastKnownFileType = sourcecode.swift; path = NotificationView.swift; sourceTree = "<group>"; };
		44602ED32BBFDD0D00AC3B95 /* MessageView.swift */ = {isa = PBXFileReference; lastKnownFileType = sourcecode.swift; path = MessageView.swift; sourceTree = "<group>"; };
		44602ED72BBFE73C00AC3B95 /* SideMenuView.swift */ = {isa = PBXFileReference; lastKnownFileType = sourcecode.swift; path = SideMenuView.swift; sourceTree = "<group>"; };
		44602ED92BBFEFA400AC3B95 /* SideMenuRowView.swift */ = {isa = PBXFileReference; lastKnownFileType = sourcecode.swift; path = SideMenuRowView.swift; sourceTree = "<group>"; };
		448158B52BBEF1BF00412C44 /* LoginView.swift */ = {isa = PBXFileReference; lastKnownFileType = sourcecode.swift; path = LoginView.swift; sourceTree = "<group>"; };
		448158B72BBEF33300412C44 /* CustomTextFieldView.swift */ = {isa = PBXFileReference; lastKnownFileType = sourcecode.swift; path = CustomTextFieldView.swift; sourceTree = "<group>"; };
		448158B92BBF02B100412C44 /* SignUpView.swift */ = {isa = PBXFileReference; lastKnownFileType = sourcecode.swift; path = SignUpView.swift; sourceTree = "<group>"; };
		4481F6232BB27EAA0057EC6B /* Social_Network.app */ = {isa = PBXFileReference; explicitFileType = wrapper.application; includeInIndex = 0; path = Social_Network.app; sourceTree = BUILT_PRODUCTS_DIR; };
		4481F6262BB27EAA0057EC6B /* Social_NetworkApp.swift */ = {isa = PBXFileReference; lastKnownFileType = sourcecode.swift; path = Social_NetworkApp.swift; sourceTree = "<group>"; };
		4481F6282BB27EAA0057EC6B /* ContentView.swift */ = {isa = PBXFileReference; lastKnownFileType = sourcecode.swift; path = ContentView.swift; sourceTree = "<group>"; };
		4481F62A2BB27EB20057EC6B /* Assets.xcassets */ = {isa = PBXFileReference; lastKnownFileType = folder.assetcatalog; path = Assets.xcassets; sourceTree = "<group>"; };
		4481F62D2BB27EB20057EC6B /* Preview Assets.xcassets */ = {isa = PBXFileReference; lastKnownFileType = folder.assetcatalog; path = "Preview Assets.xcassets"; sourceTree = "<group>"; };
		449036612BC4EC12006FF21F /* NotificationRowView.swift */ = {isa = PBXFileReference; lastKnownFileType = sourcecode.swift; path = NotificationRowView.swift; sourceTree = "<group>"; };
		449036652BC4F31F006FF21F /* NewTweetView.swift */ = {isa = PBXFileReference; lastKnownFileType = sourcecode.swift; path = NewTweetView.swift; sourceTree = "<group>"; };
		44905CC52BC52AE900FE2F81 /* SearchBarView.swift */ = {isa = PBXFileReference; lastKnownFileType = sourcecode.swift; path = SearchBarView.swift; sourceTree = "<group>"; };
		44905CC92BC52F5B00FE2F81 /* NewMessageView.swift */ = {isa = PBXFileReference; lastKnownFileType = sourcecode.swift; path = NewMessageView.swift; sourceTree = "<group>"; };
		44905CCD2BC538D600FE2F81 /* ProfileView.swift */ = {isa = PBXFileReference; lastKnownFileType = sourcecode.swift; path = ProfileView.swift; sourceTree = "<group>"; };
		44905CD12BC54F3800FE2F81 /* EditProfileView.swift */ = {isa = PBXFileReference; lastKnownFileType = sourcecode.swift; path = EditProfileView.swift; sourceTree = "<group>"; };
		44A7DA9C2BC57A7B001C692C /* EditProfileRowView.swift */ = {isa = PBXFileReference; lastKnownFileType = sourcecode.swift; path = EditProfileRowView.swift; sourceTree = "<group>"; };
		44A7DA9E2BC58B7A001C692C /* MessageRowView.swift */ = {isa = PBXFileReference; lastKnownFileType = sourcecode.swift; path = MessageRowView.swift; sourceTree = "<group>"; };
		44B337062BC3877600D5A44D /* TweetRowView.swift */ = {isa = PBXFileReference; lastKnownFileType = sourcecode.swift; path = TweetRowView.swift; sourceTree = "<group>"; };
/* End PBXFileReference section */

/* Begin PBXFrameworksBuildPhase section */
		4481F6202BB27EAA0057EC6B /* Frameworks */ = {
			isa = PBXFrameworksBuildPhase;
			buildActionMask = 2147483647;
			files = (
			);
			runOnlyForDeploymentPostprocessing = 0;
		};
/* End PBXFrameworksBuildPhase section */

/* Begin PBXGroup section */
		44602EC12BBFD88100AC3B95 /* MainTab */ = {
			isa = PBXGroup;
			children = (
				44602EC22BBFD99900AC3B95 /* view */,
			);
			name = MainTab;
			sourceTree = "<group>";
		};
		44602EC22BBFD99900AC3B95 /* view */ = {
			isa = PBXGroup;
			children = (
				44602EC32BBFD9B300AC3B95 /* MainTabView.swift */,
			);
			name = view;
			sourceTree = "<group>";
		};
		44602EC52BBFDA2E00AC3B95 /* Home */ = {
			isa = PBXGroup;
			children = (
				44602EC62BBFDC5500AC3B95 /* view */,
			);
			name = Home;
			sourceTree = "<group>";
		};
		44602EC62BBFDC5500AC3B95 /* view */ = {
			isa = PBXGroup;
			children = (
				44602EC72BBFDC6700AC3B95 /* HomeView.swift */,
			);
			name = view;
			sourceTree = "<group>";
		};
		44602EC92BBFDC7400AC3B95 /* Explore */ = {
			isa = PBXGroup;
			children = (
				44602ECA2BBFDC7F00AC3B95 /* view */,
			);
			name = Explore;
			sourceTree = "<group>";
		};
		44602ECA2BBFDC7F00AC3B95 /* view */ = {
			isa = PBXGroup;
			children = (
				44602ECB2BBFDC9000AC3B95 /* ExploreView.swift */,
			);
			name = view;
			sourceTree = "<group>";
		};
		44602ECD2BBFDCA700AC3B95 /* Notification */ = {
			isa = PBXGroup;
			children = (
				44602ECE2BBFDCC000AC3B95 /* view */,
			);
			name = Notification;
			sourceTree = "<group>";
		};
		44602ECE2BBFDCC000AC3B95 /* view */ = {
			isa = PBXGroup;
			children = (
				44602ECF2BBFDCD800AC3B95 /* NotificationView.swift */,
				449036612BC4EC12006FF21F /* NotificationRowView.swift */,
			);
			name = view;
			sourceTree = "<group>";
		};
		44602ED12BBFDCED00AC3B95 /* Message */ = {
			isa = PBXGroup;
			children = (
				44602ED22BBFDCF500AC3B95 /* view */,
			);
			name = Message;
			sourceTree = "<group>";
		};
		44602ED22BBFDCF500AC3B95 /* view */ = {
			isa = PBXGroup;
			children = (
				44602ED32BBFDD0D00AC3B95 /* MessageView.swift */,
				44A7DA9E2BC58B7A001C692C /* MessageRowView.swift */,
			);
			name = view;
			sourceTree = "<group>";
		};
		44602ED52BBFE6FB00AC3B95 /* SideMenu */ = {
			isa = PBXGroup;
			children = (
				44602ED62BBFE70800AC3B95 /* view */,
			);
			name = SideMenu;
			sourceTree = "<group>";
		};
		44602ED62BBFE70800AC3B95 /* view */ = {
			isa = PBXGroup;
			children = (
				44602ED72BBFE73C00AC3B95 /* SideMenuView.swift */,
				44602ED92BBFEFA400AC3B95 /* SideMenuRowView.swift */,
			);
			name = view;
			sourceTree = "<group>";
		};
		448158B12BBEF11700412C44 /* Authentication */ = {
			isa = PBXGroup;
			children = (
				448158B22BBEF13600412C44 /* viewModel */,
			);
			name = Authentication;
			sourceTree = "<group>";
		};
		448158B22BBEF13600412C44 /* viewModel */ = {
			isa = PBXGroup;
			children = (
				448158B32BBEF15800412C44 /* view */,
			);
			name = viewModel;
			sourceTree = "<group>";
		};
		448158B32BBEF15800412C44 /* view */ = {
			isa = PBXGroup;
			children = (
				448158B52BBEF1BF00412C44 /* LoginView.swift */,
				448158B92BBF02B100412C44 /* SignUpView.swift */,
			);
			name = view;
			sourceTree = "<group>";
		};
		448158B42BBEF18700412C44 /* Components */ = {
			isa = PBXGroup;
			children = (
				448158B72BBEF33300412C44 /* CustomTextFieldView.swift */,
				44B337062BC3877600D5A44D /* TweetRowView.swift */,
				44905CC52BC52AE900FE2F81 /* SearchBarView.swift */,
			);
			name = Components;
			sourceTree = "<group>";
		};
		4481F61A2BB27EAA0057EC6B = {
			isa = PBXGroup;
			children = (
				4481F6252BB27EAA0057EC6B /* Social_Network */,
				4481F6242BB27EAA0057EC6B /* Products */,
			);
			sourceTree = "<group>";
		};
		4481F6242BB27EAA0057EC6B /* Products */ = {
			isa = PBXGroup;
			children = (
				4481F6232BB27EAA0057EC6B /* Social_Network.app */,
			);
			name = Products;
			sourceTree = "<group>";
		};
		4481F6252BB27EAA0057EC6B /* Social_Network */ = {
			isa = PBXGroup;
			children = (
				4481F6362BB280DF0057EC6B /* Model */,
				4481F6352BB280D00057EC6B /* Service */,
				4481F6342BB280920057EC6B /* Core */,
				4481F6262BB27EAA0057EC6B /* Social_NetworkApp.swift */,
				4481F6282BB27EAA0057EC6B /* ContentView.swift */,
				4481F62A2BB27EB20057EC6B /* Assets.xcassets */,
				4481F62C2BB27EB20057EC6B /* Preview Content */,
			);
			path = Social_Network;
			sourceTree = "<group>";
		};
		4481F62C2BB27EB20057EC6B /* Preview Content */ = {
			isa = PBXGroup;
			children = (
				4481F62D2BB27EB20057EC6B /* Preview Assets.xcassets */,
			);
			path = "Preview Content";
			sourceTree = "<group>";
		};
		4481F6342BB280920057EC6B /* Core */ = {
			isa = PBXGroup;
			children = (
				44905CCF2BC54F1A00FE2F81 /* EditProfile */,
				44905CCB2BC538A800FE2F81 /* Profile */,
				44905CC72BC52F3C00FE2F81 /* NewMessage */,
				449036632BC4F2F6006FF21F /* NewTweet */,
				44602ED52BBFE6FB00AC3B95 /* SideMenu */,
				44602ED12BBFDCED00AC3B95 /* Message */,
				44602ECD2BBFDCA700AC3B95 /* Notification */,
				44602EC92BBFDC7400AC3B95 /* Explore */,
				44602EC52BBFDA2E00AC3B95 /* Home */,
				44602EC12BBFD88100AC3B95 /* MainTab */,
				448158B42BBEF18700412C44 /* Components */,
				448158B12BBEF11700412C44 /* Authentication */,
			);
			path = Core;
			sourceTree = "<group>";
		};
		4481F6352BB280D00057EC6B /* Service */ = {
			isa = PBXGroup;
			children = (
			);
			path = Service;
			sourceTree = "<group>";
		};
		4481F6362BB280DF0057EC6B /* Model */ = {
			isa = PBXGroup;
			children = (
			);
			path = Model;
			sourceTree = "<group>";
		};
		449036632BC4F2F6006FF21F /* NewTweet */ = {
			isa = PBXGroup;
			children = (
				449036642BC4F302006FF21F /* view */,
			);
			name = NewTweet;
			sourceTree = "<group>";
		};
		449036642BC4F302006FF21F /* view */ = {
			isa = PBXGroup;
			children = (
				449036652BC4F31F006FF21F /* NewTweetView.swift */,
			);
			name = view;
			sourceTree = "<group>";
		};
		44905CC72BC52F3C00FE2F81 /* NewMessage */ = {
			isa = PBXGroup;
			children = (
				44905CC82BC52F4700FE2F81 /* view */,
			);
			name = NewMessage;
			sourceTree = "<group>";
		};
		44905CC82BC52F4700FE2F81 /* view */ = {
			isa = PBXGroup;
			children = (
				44905CC92BC52F5B00FE2F81 /* NewMessageView.swift */,
			);
			name = view;
			sourceTree = "<group>";
		};
		44905CCB2BC538A800FE2F81 /* Profile */ = {
			isa = PBXGroup;
			children = (
				44905CCC2BC538BF00FE2F81 /* view */,
			);
			name = Profile;
			sourceTree = "<group>";
		};
		44905CCC2BC538BF00FE2F81 /* view */ = {
			isa = PBXGroup;
			children = (
				44905CCD2BC538D600FE2F81 /* ProfileView.swift */,
			);
			name = view;
			sourceTree = "<group>";
		};
		44905CCF2BC54F1A00FE2F81 /* EditProfile */ = {
			isa = PBXGroup;
			children = (
				44905CD02BC54F2400FE2F81 /* view */,
			);
			name = EditProfile;
			sourceTree = "<group>";
		};
		44905CD02BC54F2400FE2F81 /* view */ = {
			isa = PBXGroup;
			children = (
				44905CD12BC54F3800FE2F81 /* EditProfileView.swift */,
				44A7DA9C2BC57A7B001C692C /* EditProfileRowView.swift */,
			);
			name = view;
			sourceTree = "<group>";
		};
/* End PBXGroup section */

/* Begin PBXNativeTarget section */
		4481F6222BB27EAA0057EC6B /* Social_Network */ = {
			isa = PBXNativeTarget;
			buildConfigurationList = 4481F6312BB27EB20057EC6B /* Build configuration list for PBXNativeTarget "Social_Network" */;
			buildPhases = (
				4481F61F2BB27EAA0057EC6B /* Sources */,
				4481F6202BB27EAA0057EC6B /* Frameworks */,
				4481F6212BB27EAA0057EC6B /* Resources */,
			);
			buildRules = (
			);
			dependencies = (
			);
			name = Social_Network;
			productName = Social_Network;
			productReference = 4481F6232BB27EAA0057EC6B /* Social_Network.app */;
			productType = "com.apple.product-type.application";
		};
/* End PBXNativeTarget section */

/* Begin PBXProject section */
		4481F61B2BB27EAA0057EC6B /* Project object */ = {
			isa = PBXProject;
			attributes = {
				BuildIndependentTargetsInParallel = 1;
				LastSwiftUpdateCheck = 1340;
				LastUpgradeCheck = 1340;
				TargetAttributes = {
					4481F6222BB27EAA0057EC6B = {
						CreatedOnToolsVersion = 13.4.1;
					};
				};
			};
			buildConfigurationList = 4481F61E2BB27EAA0057EC6B /* Build configuration list for PBXProject "Social_Network" */;
			compatibilityVersion = "Xcode 13.0";
			developmentRegion = en;
			hasScannedForEncodings = 0;
			knownRegions = (
				en,
				Base,
			);
			mainGroup = 4481F61A2BB27EAA0057EC6B;
			productRefGroup = 4481F6242BB27EAA0057EC6B /* Products */;
			projectDirPath = "";
			projectRoot = "";
			targets = (
				4481F6222BB27EAA0057EC6B /* Social_Network */,
			);
		};
/* End PBXProject section */

/* Begin PBXResourcesBuildPhase section */
		4481F6212BB27EAA0057EC6B /* Resources */ = {
			isa = PBXResourcesBuildPhase;
			buildActionMask = 2147483647;
			files = (
				4481F62E2BB27EB20057EC6B /* Preview Assets.xcassets in Resources */,
				4481F62B2BB27EB20057EC6B /* Assets.xcassets in Resources */,
			);
			runOnlyForDeploymentPostprocessing = 0;
		};
/* End PBXResourcesBuildPhase section */

/* Begin PBXSourcesBuildPhase section */
		4481F61F2BB27EAA0057EC6B /* Sources */ = {
			isa = PBXSourcesBuildPhase;
			buildActionMask = 2147483647;
			files = (
				448158B62BBEF1BF00412C44 /* LoginView.swift in Sources */,
				44602EC82BBFDC6700AC3B95 /* HomeView.swift in Sources */,
				449036622BC4EC12006FF21F /* NotificationRowView.swift in Sources */,
				44B337072BC3877600D5A44D /* TweetRowView.swift in Sources */,
				44905CC62BC52AE900FE2F81 /* SearchBarView.swift in Sources */,
				448158BA2BBF02B100412C44 /* SignUpView.swift in Sources */,
				4481F6292BB27EAA0057EC6B /* ContentView.swift in Sources */,
				44602ED82BBFE73C00AC3B95 /* SideMenuView.swift in Sources */,
				449036662BC4F31F006FF21F /* NewTweetView.swift in Sources */,
				44A7DA9D2BC57A7B001C692C /* EditProfileRowView.swift in Sources */,
				44602EDA2BBFEFA400AC3B95 /* SideMenuRowView.swift in Sources */,
				44905CCE2BC538D600FE2F81 /* ProfileView.swift in Sources */,
				44A7DA9F2BC58B7A001C692C /* MessageRowView.swift in Sources */,
				44905CCA2BC52F5B00FE2F81 /* NewMessageView.swift in Sources */,
				44602ED42BBFDD0D00AC3B95 /* MessageView.swift in Sources */,
				44905CD22BC54F3800FE2F81 /* EditProfileView.swift in Sources */,
				4481F6272BB27EAA0057EC6B /* Social_NetworkApp.swift in Sources */,
				448158B82BBEF33300412C44 /* CustomTextFieldView.swift in Sources */,
				44602ECC2BBFDC9000AC3B95 /* ExploreView.swift in Sources */,
				44602EC42BBFD9B300AC3B95 /* MainTabView.swift in Sources */,
				44602ED02BBFDCD800AC3B95 /* NotificationView.swift in Sources */,
			);
			runOnlyForDeploymentPostprocessing = 0;
		};
/* End PBXSourcesBuildPhase section */

/* Begin XCBuildConfiguration section */
		4481F62F2BB27EB20057EC6B /* Debug */ = {
			isa = XCBuildConfiguration;
			buildSettings = {
				ALWAYS_SEARCH_USER_PATHS = NO;
				CLANG_ANALYZER_NONNULL = YES;
				CLANG_ANALYZER_NUMBER_OBJECT_CONVERSION = YES_AGGRESSIVE;
				CLANG_CXX_LANGUAGE_STANDARD = "gnu++17";
				CLANG_ENABLE_MODULES = YES;
				CLANG_ENABLE_OBJC_ARC = YES;
				CLANG_ENABLE_OBJC_WEAK = YES;
				CLANG_WARN_BLOCK_CAPTURE_AUTORELEASING = YES;
				CLANG_WARN_BOOL_CONVERSION = YES;
				CLANG_WARN_COMMA = YES;
				CLANG_WARN_CONSTANT_CONVERSION = YES;
				CLANG_WARN_DEPRECATED_OBJC_IMPLEMENTATIONS = YES;
				CLANG_WARN_DIRECT_OBJC_ISA_USAGE = YES_ERROR;
				CLANG_WARN_DOCUMENTATION_COMMENTS = YES;
				CLANG_WARN_EMPTY_BODY = YES;
				CLANG_WARN_ENUM_CONVERSION = YES;
				CLANG_WARN_INFINITE_RECURSION = YES;
				CLANG_WARN_INT_CONVERSION = YES;
				CLANG_WARN_NON_LITERAL_NULL_CONVERSION = YES;
				CLANG_WARN_OBJC_IMPLICIT_RETAIN_SELF = YES;
				CLANG_WARN_OBJC_LITERAL_CONVERSION = YES;
				CLANG_WARN_OBJC_ROOT_CLASS = YES_ERROR;
				CLANG_WARN_QUOTED_INCLUDE_IN_FRAMEWORK_HEADER = YES;
				CLANG_WARN_RANGE_LOOP_ANALYSIS = YES;
				CLANG_WARN_STRICT_PROTOTYPES = YES;
				CLANG_WARN_SUSPICIOUS_MOVE = YES;
				CLANG_WARN_UNGUARDED_AVAILABILITY = YES_AGGRESSIVE;
				CLANG_WARN_UNREACHABLE_CODE = YES;
				CLANG_WARN__DUPLICATE_METHOD_MATCH = YES;
				COPY_PHASE_STRIP = NO;
				DEBUG_INFORMATION_FORMAT = dwarf;
				ENABLE_STRICT_OBJC_MSGSEND = YES;
				ENABLE_TESTABILITY = YES;
				GCC_C_LANGUAGE_STANDARD = gnu11;
				GCC_DYNAMIC_NO_PIC = NO;
				GCC_NO_COMMON_BLOCKS = YES;
				GCC_OPTIMIZATION_LEVEL = 0;
				GCC_PREPROCESSOR_DEFINITIONS = (
					"DEBUG=1",
					"$(inherited)",
				);
				GCC_WARN_64_TO_32_BIT_CONVERSION = YES;
				GCC_WARN_ABOUT_RETURN_TYPE = YES_ERROR;
				GCC_WARN_UNDECLARED_SELECTOR = YES;
				GCC_WARN_UNINITIALIZED_AUTOS = YES_AGGRESSIVE;
				GCC_WARN_UNUSED_FUNCTION = YES;
				GCC_WARN_UNUSED_VARIABLE = YES;
				IPHONEOS_DEPLOYMENT_TARGET = 15.5;
				MTL_ENABLE_DEBUG_INFO = INCLUDE_SOURCE;
				MTL_FAST_MATH = YES;
				ONLY_ACTIVE_ARCH = YES;
				SDKROOT = iphoneos;
				SWIFT_ACTIVE_COMPILATION_CONDITIONS = DEBUG;
				SWIFT_OPTIMIZATION_LEVEL = "-Onone";
			};
			name = Debug;
		};
		4481F6302BB27EB20057EC6B /* Release */ = {
			isa = XCBuildConfiguration;
			buildSettings = {
				ALWAYS_SEARCH_USER_PATHS = NO;
				CLANG_ANALYZER_NONNULL = YES;
				CLANG_ANALYZER_NUMBER_OBJECT_CONVERSION = YES_AGGRESSIVE;
				CLANG_CXX_LANGUAGE_STANDARD = "gnu++17";
				CLANG_ENABLE_MODULES = YES;
				CLANG_ENABLE_OBJC_ARC = YES;
				CLANG_ENABLE_OBJC_WEAK = YES;
				CLANG_WARN_BLOCK_CAPTURE_AUTORELEASING = YES;
				CLANG_WARN_BOOL_CONVERSION = YES;
				CLANG_WARN_COMMA = YES;
				CLANG_WARN_CONSTANT_CONVERSION = YES;
				CLANG_WARN_DEPRECATED_OBJC_IMPLEMENTATIONS = YES;
				CLANG_WARN_DIRECT_OBJC_ISA_USAGE = YES_ERROR;
				CLANG_WARN_DOCUMENTATION_COMMENTS = YES;
				CLANG_WARN_EMPTY_BODY = YES;
				CLANG_WARN_ENUM_CONVERSION = YES;
				CLANG_WARN_INFINITE_RECURSION = YES;
				CLANG_WARN_INT_CONVERSION = YES;
				CLANG_WARN_NON_LITERAL_NULL_CONVERSION = YES;
				CLANG_WARN_OBJC_IMPLICIT_RETAIN_SELF = YES;
				CLANG_WARN_OBJC_LITERAL_CONVERSION = YES;
				CLANG_WARN_OBJC_ROOT_CLASS = YES_ERROR;
				CLANG_WARN_QUOTED_INCLUDE_IN_FRAMEWORK_HEADER = YES;
				CLANG_WARN_RANGE_LOOP_ANALYSIS = YES;
				CLANG_WARN_STRICT_PROTOTYPES = YES;
				CLANG_WARN_SUSPICIOUS_MOVE = YES;
				CLANG_WARN_UNGUARDED_AVAILABILITY = YES_AGGRESSIVE;
				CLANG_WARN_UNREACHABLE_CODE = YES;
				CLANG_WARN__DUPLICATE_METHOD_MATCH = YES;
				COPY_PHASE_STRIP = NO;
				DEBUG_INFORMATION_FORMAT = "dwarf-with-dsym";
				ENABLE_NS_ASSERTIONS = NO;
				ENABLE_STRICT_OBJC_MSGSEND = YES;
				GCC_C_LANGUAGE_STANDARD = gnu11;
				GCC_NO_COMMON_BLOCKS = YES;
				GCC_WARN_64_TO_32_BIT_CONVERSION = YES;
				GCC_WARN_ABOUT_RETURN_TYPE = YES_ERROR;
				GCC_WARN_UNDECLARED_SELECTOR = YES;
				GCC_WARN_UNINITIALIZED_AUTOS = YES_AGGRESSIVE;
				GCC_WARN_UNUSED_FUNCTION = YES;
				GCC_WARN_UNUSED_VARIABLE = YES;
				IPHONEOS_DEPLOYMENT_TARGET = 15.5;
				MTL_ENABLE_DEBUG_INFO = NO;
				MTL_FAST_MATH = YES;
				SDKROOT = iphoneos;
				SWIFT_COMPILATION_MODE = wholemodule;
				SWIFT_OPTIMIZATION_LEVEL = "-O";
				VALIDATE_PRODUCT = YES;
			};
			name = Release;
		};
		4481F6322BB27EB20057EC6B /* Debug */ = {
			isa = XCBuildConfiguration;
			buildSettings = {
				ASSETCATALOG_COMPILER_APPICON_NAME = AppIcon;
				ASSETCATALOG_COMPILER_GLOBAL_ACCENT_COLOR_NAME = AccentColor;
				CODE_SIGN_STYLE = Automatic;
				CURRENT_PROJECT_VERSION = 1;
				DEVELOPMENT_ASSET_PATHS = "\"Social_Network/Preview Content\"";
				ENABLE_PREVIEWS = YES;
				GENERATE_INFOPLIST_FILE = YES;
				INFOPLIST_KEY_UIApplicationSceneManifest_Generation = YES;
				INFOPLIST_KEY_UIApplicationSupportsIndirectInputEvents = YES;
				INFOPLIST_KEY_UILaunchScreen_Generation = YES;
				INFOPLIST_KEY_UISupportedInterfaceOrientations_iPad = "UIInterfaceOrientationPortrait UIInterfaceOrientationPortraitUpsideDown UIInterfaceOrientationLandscapeLeft UIInterfaceOrientationLandscapeRight";
				INFOPLIST_KEY_UISupportedInterfaceOrientations_iPhone = "UIInterfaceOrientationPortrait UIInterfaceOrientationLandscapeLeft UIInterfaceOrientationLandscapeRight";
				LD_RUNPATH_SEARCH_PATHS = (
					"$(inherited)",
					"@executable_path/Frameworks",
				);
				MARKETING_VERSION = 1.0;
				PRODUCT_BUNDLE_IDENTIFIER = "haotran.Social-Network";
				PRODUCT_NAME = "$(TARGET_NAME)";
				SWIFT_EMIT_LOC_STRINGS = YES;
				SWIFT_VERSION = 5.0;
				TARGETED_DEVICE_FAMILY = "1,2";
			};
			name = Debug;
		};
		4481F6332BB27EB20057EC6B /* Release */ = {
			isa = XCBuildConfiguration;
			buildSettings = {
				ASSETCATALOG_COMPILER_APPICON_NAME = AppIcon;
				ASSETCATALOG_COMPILER_GLOBAL_ACCENT_COLOR_NAME = AccentColor;
				CODE_SIGN_STYLE = Automatic;
				CURRENT_PROJECT_VERSION = 1;
				DEVELOPMENT_ASSET_PATHS = "\"Social_Network/Preview Content\"";
				ENABLE_PREVIEWS = YES;
				GENERATE_INFOPLIST_FILE = YES;
				INFOPLIST_KEY_UIApplicationSceneManifest_Generation = YES;
				INFOPLIST_KEY_UIApplicationSupportsIndirectInputEvents = YES;
				INFOPLIST_KEY_UILaunchScreen_Generation = YES;
				INFOPLIST_KEY_UISupportedInterfaceOrientations_iPad = "UIInterfaceOrientationPortrait UIInterfaceOrientationPortraitUpsideDown UIInterfaceOrientationLandscapeLeft UIInterfaceOrientationLandscapeRight";
				INFOPLIST_KEY_UISupportedInterfaceOrientations_iPhone = "UIInterfaceOrientationPortrait UIInterfaceOrientationLandscapeLeft UIInterfaceOrientationLandscapeRight";
				LD_RUNPATH_SEARCH_PATHS = (
					"$(inherited)",
					"@executable_path/Frameworks",
				);
				MARKETING_VERSION = 1.0;
				PRODUCT_BUNDLE_IDENTIFIER = "haotran.Social-Network";
				PRODUCT_NAME = "$(TARGET_NAME)";
				SWIFT_EMIT_LOC_STRINGS = YES;
				SWIFT_VERSION = 5.0;
				TARGETED_DEVICE_FAMILY = "1,2";
			};
			name = Release;
		};
/* End XCBuildConfiguration section */

/* Begin XCConfigurationList section */
		4481F61E2BB27EAA0057EC6B /* Build configuration list for PBXProject "Social_Network" */ = {
			isa = XCConfigurationList;
			buildConfigurations = (
				4481F62F2BB27EB20057EC6B /* Debug */,
				4481F6302BB27EB20057EC6B /* Release */,
			);
			defaultConfigurationIsVisible = 0;
			defaultConfigurationName = Release;
		};
		4481F6312BB27EB20057EC6B /* Build configuration list for PBXNativeTarget "Social_Network" */ = {
			isa = XCConfigurationList;
			buildConfigurations = (
				4481F6322BB27EB20057EC6B /* Debug */,
				4481F6332BB27EB20057EC6B /* Release */,
			);
			defaultConfigurationIsVisible = 0;
			defaultConfigurationName = Release;
		};
/* End XCConfigurationList section */
	};
	rootObject = 4481F61B2BB27EAA0057EC6B /* Project object */;
}
